PODS:
  - Alamofire (5.4.1)
  - KeychainAccess (4.2.2)
  - Moya (14.0.0):
    - Moya/Core (= 14.0.0)
  - Moya/Core (14.0.0):
    - Alamofire (~> 5.0)
  - ObjectMapper (4.2.0)
  - ReachabilitySwift (5.0.0)

DEPENDENCIES:
  - KeychainAccess
  - Moya
  - ObjectMapper
  - ReachabilitySwift

SPEC REPOS:
  trunk:
    - Alamofire
    - KeychainAccess
    - Moya
    - ObjectMapper
    - ReachabilitySwift

SPEC CHECKSUMS:
  Alamofire: 2291f7d21ca607c491dd17642e5d40fdcda0e65c
  KeychainAccess: c0c4f7f38f6fc7bbe58f5702e25f7bd2f65abf51
  Moya: 5b45dacb75adb009f97fde91c204c1e565d31916
  ObjectMapper: 1eb41f610210777375fa806bf161dc39fb832b81
  ReachabilitySwift: 985039c6f7b23a1da463388634119492ff86c825

PODFILE CHECKSUM: c5561adbd8e553ffbb8d739a5cfda676d200967d

COCOAPODS: 1.10.1
